{
  "name": "lispsmos-demo",
  "lockfileVersion": 2,
  "requires": true,
  "packages": {
    "": {
      "dependencies": {
        "lispsmos": "^0.2.3"
      }
    },
    "node_modules/lispsmos": {
      "version": "0.2.3",
      "resolved": "https://registry.npmjs.org/lispsmos/-/lispsmos-0.2.3.tgz",
      "integrity": "sha512-rEBNsZ0BLSgLFTQd3qSmO2xPlAlkJ+ag6nCebDeP2YIDWqlnnore9xXkSSd2BuO5OyrC+QOforrRCukvbmqfhQ=="
    }
  },
  "dependencies": {
    "lispsmos": {
      "version": "0.2.3",
      "resolved": "https://registry.npmjs.org/lispsmos/-/lispsmos-0.2.3.tgz",
      "integrity": "sha512-rEBNsZ0BLSgLFTQd3qSmO2xPlAlkJ+ag6nCebDeP2YIDWqlnnore9xXkSSd2BuO5OyrC+QOforrRCukvbmqfhQ=="
    }
  }
}
